
Microsoft Visual Studio Solution File, Format Version 12.00
# Visual Studio 2017
Project("{FAE04EC0-301F-11D3-BF4B-00C04F79EFBC}") = "GameTests", "GameTests.csproj", "{8D59529D-BEF0-D1DB-FB34-A5FAC3444176}"
EndProject
Project("{FAE04EC0-301F-11D3-BF4B-00C04F79EFBC}") = "GameTests.Editor", "GameTests.Editor.csproj", "{69B18909-C665-D8D3-2091-56FB28CE5F69}"
EndProject
Global
	GlobalSection(SolutionConfigurationPlatforms) = preSolution
		Debug|Any CPU = Debug|Any CPU
		Release|Any CPU = Release|Any CPU
	EndGlobalSection
	GlobalSection(ProjectConfigurationPlatforms) = postSolution
		{8D59529D-BEF0-D1DB-FB34-A5FAC3444176}.Debug|Any CPU.ActiveCfg = Debug|Any CPU
		{8D59529D-BEF0-D1DB-FB34-A5FAC3444176}.Debug|Any CPU.Build.0 = Debug|Any CPU
		{8D59529D-BEF0-D1DB-FB34-A5FAC3444176}.Release|Any CPU.ActiveCfg = Release|Any CPU
		{8D59529D-BEF0-D1DB-FB34-A5FAC3444176}.Release|Any CPU.Build.0 = Release|Any CPU
		{69B18909-C665-D8D3-2091-56FB28CE5F69}.Debug|Any CPU.ActiveCfg = Debug|Any CPU
		{69B18909-C665-D8D3-2091-56FB28CE5F69}.Debug|Any CPU.Build.0 = Debug|Any CPU
		{69B18909-C665-D8D3-2091-56FB28CE5F69}.Release|Any CPU.ActiveCfg = Release|Any CPU
		{69B18909-C665-D8D3-2091-56FB28CE5F69}.Release|Any CPU.Build.0 = Release|Any CPU
	EndGlobalSection
	GlobalSection(SolutionProperties) = preSolution
		HideSolutionNode = FALSE
	EndGlobalSection
EndGlobal
