
Microsoft Visual Studio Solution File, Format Version 11.00
# Visual Studio 2010
Project("{FAE04EC0-301F-11D3-BF4B-00C04F79EFBC}") = "GameTests", "Assembly-CSharp.csproj", "{9EF4AD86-508C-F34D-453E-835D9A8F52D1}"
EndProject
Project("{FAE04EC0-301F-11D3-BF4B-00C04F79EFBC}") = "GameTests", "Assembly-CSharp-firstpass.csproj", "{AB2A6EDC-E0B0-5A6B-7A23-215B7D5EE426}"
EndProject
Project("{FAE04EC0-301F-11D3-BF4B-00C04F79EFBC}") = "GameTests", "Assembly-CSharp-Editor.csproj", "{1D842F9B-72B5-4DCF-9CB1-7DA280470658}"
EndProject
Global
	GlobalSection(SolutionConfigurationPlatforms) = preSolution
		Debug|Any CPU = Debug|Any CPU
		Release|Any CPU = Release|Any CPU
	EndGlobalSection
	GlobalSection(ProjectConfigurationPlatforms) = postSolution
		{9EF4AD86-508C-F34D-453E-835D9A8F52D1}.Debug|Any CPU.ActiveCfg = Debug|Any CPU
		{9EF4AD86-508C-F34D-453E-835D9A8F52D1}.Debug|Any CPU.Build.0 = Debug|Any CPU
		{9EF4AD86-508C-F34D-453E-835D9A8F52D1}.Release|Any CPU.ActiveCfg = Release|Any CPU
		{9EF4AD86-508C-F34D-453E-835D9A8F52D1}.Release|Any CPU.Build.0 = Release|Any CPU
		{AB2A6EDC-E0B0-5A6B-7A23-215B7D5EE426}.Debug|Any CPU.ActiveCfg = Debug|Any CPU
		{AB2A6EDC-E0B0-5A6B-7A23-215B7D5EE426}.Debug|Any CPU.Build.0 = Debug|Any CPU
		{AB2A6EDC-E0B0-5A6B-7A23-215B7D5EE426}.Release|Any CPU.ActiveCfg = Release|Any CPU
		{AB2A6EDC-E0B0-5A6B-7A23-215B7D5EE426}.Release|Any CPU.Build.0 = Release|Any CPU
		{1D842F9B-72B5-4DCF-9CB1-7DA280470658}.Debug|Any CPU.ActiveCfg = Debug|Any CPU
		{1D842F9B-72B5-4DCF-9CB1-7DA280470658}.Debug|Any CPU.Build.0 = Debug|Any CPU
		{1D842F9B-72B5-4DCF-9CB1-7DA280470658}.Release|Any CPU.ActiveCfg = Release|Any CPU
		{1D842F9B-72B5-4DCF-9CB1-7DA280470658}.Release|Any CPU.Build.0 = Release|Any CPU
	EndGlobalSection
	GlobalSection(SolutionProperties) = preSolution
		HideSolutionNode = FALSE
	EndGlobalSection
	GlobalSection(MonoDevelopProperties) = preSolution
		StartupItem = Assembly-CSharp.csproj
	EndGlobalSection
EndGlobal
